<?xml version="1.0" encoding="utf-8"?>
<Project ToolsVersion="4.0" xmlns="http://schemas.microsoft.com/developer/msbuild/2003">
  <ItemGroup>
    <Filter Include="sources">
      <UniqueIdentifier>{2f945f3e-b723-4214-859a-7577c42810bf}</UniqueIdentifier>
    </Filter>
    <Filter Include="sources\app">
      <UniqueIdentifier>{5aff9bc4-3b70-4d19-9d0a-bbee8fd08061}</UniqueIdentifier>
    </Filter>
    <Filter Include="sources\app\scene">
      <UniqueIdentifier>{c3a9a9e2-1a4c-48d3-9b46-0a0401bc9c86}</UniqueIdentifier>
    </Filter>
    <Filter Include="sources\app\levels">
      <UniqueIdentifier>{b1a2558d-4f4a-4c56-93db-0d8ae410cdbd}</UniqueIdentifier>
    </Filter>
    <Filter Include="sources\core">
      <UniqueIdentifier>{e4ee6e35-a54a-4795-9849-d685ff1589ed}</UniqueIdentifier>
    </Filter>
    <Filter Include="sources\core\profiling">
      <UniqueIdentifier>{b159312f-ce29-4185-896e-c90bf9c9e7a1}</UniqueIdentifier>
    </Filter>
    <Filter Include="sources\core\task">
      <UniqueIdentifier>{614b2f1c-8fb2-4acf-8009-3349f15bfe0b}</UniqueIdentifier>
    </Filter>
    <Filter Include="sources\input">
      <UniqueIdentifier>{849f6304-d894-4dd4-9d93-005e85a0b4e2}</UniqueIdentifier>
    </Filter>
    <Filter Include="sources\materials">
      <UniqueIdentifier>{80f11b03-6857-4909-a56b-811acbb13623}</UniqueIdentifier>
    </Filter>
    <Filter Include="sources\ocean">
      <UniqueIdentifier>{36d7f479-eefd-466d-9a40-266581ee6b89}</UniqueIdentifier>
    </Filter>
    <Filter Include="sources\rendering">
      <UniqueIdentifier>{d7a549b3-2575-456d-869c-0c11ead713a3}</UniqueIdentifier>
    </Filter>
    <Filter Include="sources\rendering\core">
      <UniqueIdentifier>{dc6790ce-276e-4f46-8000-f893062b29a2}</UniqueIdentifier>
    </Filter>
    <Filter Include="sources\rendering\debug">
      <UniqueIdentifier>{5b663f47-cdab-4683-891d-f6186e6cdece}</UniqueIdentifier>
    </Filter>
    <Filter Include="sources\rendering\descriptors">
      <UniqueIdentifier>{5012d3ff-a759-4130-a653-2bedd00122c0}</UniqueIdentifier>
    </Filter>
    <Filter Include="sources\rendering\lighting">
      <UniqueIdentifier>{2188c317-84c1-4124-bafc-cf5f7b610fd0}</UniqueIdentifier>
    </Filter>
    <Filter Include="sources\rendering\meshes">
      <UniqueIdentifier>{8c3dc93e-5b8a-4317-b18f-f33f90b9f5d6}</UniqueIdentifier>
    </Filter>
    <Filter Include="sources\rendering\renderables">
      <UniqueIdentifier>{99f7c016-b0a5-4396-a20a-8823cda192d5}</UniqueIdentifier>
    </Filter>
    <Filter Include="sources\text">
      <UniqueIdentifier>{4426bb63-b333-4e9f-b709-016e83f65a2e}</UniqueIdentifier>
    </Filter>
    <Filter Include="third_party">
      <UniqueIdentifier>{7a300746-b1e1-41ad-bbd4-6f265c38c41a}</UniqueIdentifier>
    </Filter>
    <Filter Include="third_party\enkiTS">
      <UniqueIdentifier>{4f1b643a-7bfe-4677-bb0a-effcb5754eef}</UniqueIdentifier>
    </Filter>
    <Filter Include="third_party\enkiTS\src">
      <UniqueIdentifier>{2123397a-80ef-4fc1-af02-75b8aed52681}</UniqueIdentifier>
    </Filter>
    <Filter Include="input">
      <UniqueIdentifier>{09b469f3-2854-440a-8b45-695e11cfe0e6}</UniqueIdentifier>
    </Filter>
    <Filter Include="shaders">
      <UniqueIdentifier>{01504546-7cdf-4026-ad57-b74156b71b63}</UniqueIdentifier>
    </Filter>
    <Filter Include="sources\core\math">
      <UniqueIdentifier>{9245a199-dbad-464b-949f-23a9500801ad}</UniqueIdentifier>
    </Filter>
    <Filter Include="textures">
      <UniqueIdentifier>{d2ecb7f1-4c6b-4c38-8b1c-e4ff1f8c5e11}</UniqueIdentifier>
    </Filter>
    <Filter Include="textures\ocean">
      <UniqueIdentifier>{4f4e25a2-8f7a-4601-8f8b-fcf539813b4e}</UniqueIdentifier>
    </Filter>
    <Filter Include="sources\core\containers">
      <UniqueIdentifier>{b4d6f3fb-1d2f-45a3-8ea3-34403ce09d15}</UniqueIdentifier>
    </Filter>
  </ItemGroup>
  <ItemGroup>
    <ClCompile Include="sources/app/App.cpp">
      <Filter>sources\app</Filter>
    </ClCompile>
    <ClCompile Include="sources/app/Camera.cpp">
      <Filter>sources\app</Filter>
    </ClCompile>
    <ClCompile Include="sources/app/DirectionalLight.cpp">
      <Filter>sources\rendering\lighting</Filter>
    </ClCompile>
    <ClCompile Include="sources/app/levels/DemoLevel.cpp">
      <Filter>sources\app\levels</Filter>
    </ClCompile>
    <ClCompile Include="sources/app/levels/Level.cpp">
      <Filter>sources\app\levels</Filter>
    </ClCompile>
    <ClCompile Include="sources/app/levels/LevelManager.cpp">
      <Filter>sources\app\levels</Filter>
    </ClCompile>
    <ClCompile Include="sources/app/Scene.cpp">
      <Filter>sources\app</Filter>
    </ClCompile>
    <ClCompile Include="sources/app/scene/SceneRenderConfig.cpp">
      <Filter>sources\app\scene</Filter>
    </ClCompile>
    <ClCompile Include="sources/app/scene/SceneRenderQueue.cpp">
      <Filter>sources\app\scene</Filter>
    </ClCompile>
    <ClCompile Include="sources/app/scene/SceneResourceBootstrapper.cpp">
      <Filter>sources\app\scene</Filter>
    </ClCompile>
    <ClCompile Include="sources/app/Systems.cpp">
      <Filter>sources\app</Filter>
    </ClCompile>
    <ClCompile Include="sources/app/main.cpp">
      <Filter>sources\app</Filter>
    </ClCompile>
    <ClCompile Include="sources/core/profiling/Profiler.cpp">
      <Filter>sources\core\profiling</Filter>
    </ClCompile>
    <ClCompile Include="sources/core/profiling/ProfilerScopes.cpp">
      <Filter>sources\core\profiling</Filter>
    </ClCompile>
    <ClCompile Include="sources\core\task\TaskSystemEnki.cpp">
      <Filter>sources\core\task</Filter>
    </ClCompile>
    <ClCompile Include="sources/core/task/TaskSystemLockFree.cpp">
      <Filter>sources\core\task</Filter>
    </ClCompile>
    <ClCompile Include="sources/core/task/TaskSystemTBB.cpp">
      <Filter>sources\core\task</Filter>
    </ClCompile>
    <ClCompile Include="sources/input/ActionMap.cpp">
      <Filter>sources\input</Filter>
    </ClCompile>
    <ClCompile Include="sources/input/InputManager.cpp">
      <Filter>sources\input</Filter>
    </ClCompile>
    <ClCompile Include="sources/materials/Material.cpp">
      <Filter>sources\materials</Filter>
    </ClCompile>
    <ClCompile Include="sources/materials/MaterialData.cpp">
      <Filter>sources\materials</Filter>
    </ClCompile>
    <ClCompile Include="sources/materials/MaterialDataManager.cpp">
      <Filter>sources\materials</Filter>
    </ClCompile>
    <ClCompile Include="sources/materials/Texture2D.cpp">
      <Filter>sources\materials</Filter>
    </ClCompile>
    <ClCompile Include="sources/materials/TextureCube.cpp">
      <Filter>sources\materials</Filter>
    </ClCompile>
    <ClCompile Include="sources/ocean/OceanRenderable.cpp">
      <Filter>sources\ocean</Filter>
    </ClCompile>
    <ClCompile Include="sources/ocean/OceanSimulation.cpp">
      <Filter>sources\ocean</Filter>
    </ClCompile>
    <ClCompile Include="sources/ocean/OceanSimulationInputs.cpp">
      <Filter>sources\ocean</Filter>
    </ClCompile>
    <ClCompile Include="sources/ocean/OceanSimulationSettings.cpp">
      <Filter>sources\ocean</Filter>
    </ClCompile>
    <ClCompile Include="sources/ocean/OceanSpectrum.cpp">
      <Filter>sources\ocean</Filter>
    </ClCompile>
    <ClCompile Include="sources/rendering/core/FrameResource.cpp">
      <Filter>sources\rendering\core</Filter>
    </ClCompile>
    <ClCompile Include="sources/rendering/core/RenderContextPool.cpp">
      <Filter>sources\rendering\core</Filter>
    </ClCompile>
    <ClCompile Include="sources/rendering/core/Renderer.cpp">
      <Filter>sources\rendering\core</Filter>
    </ClCompile>
    <ClCompile Include="sources/rendering/debug/DebugGrid.cpp">
      <Filter>sources\rendering\debug</Filter>
    </ClCompile>
    <ClCompile Include="sources/rendering/debug/DebugDraw.cpp">
      <Filter>sources\rendering\debug</Filter>
    </ClCompile>
    <ClCompile Include="sources/rendering/descriptors/InputLayoutManager.cpp">
      <Filter>sources\rendering\descriptors</Filter>
    </ClCompile>
    <ClCompile Include="sources/rendering/descriptors/SamplerManager.cpp">
      <Filter>sources\rendering\descriptors</Filter>
    </ClCompile>
    <ClCompile Include="sources/rendering/lighting/LightManager.cpp">
      <Filter>sources\rendering\lighting</Filter>
    </ClCompile>
    <ClCompile Include="sources/rendering/lighting/PointLight.cpp">
      <Filter>sources\rendering\lighting</Filter>
    </ClCompile>
    <ClCompile Include="sources/rendering/lighting/SpotLight.cpp">
      <Filter>sources\rendering\lighting</Filter>
    </ClCompile>
    <ClCompile Include="sources/rendering/lighting/Skybox.cpp">
      <Filter>sources\rendering\lighting</Filter>
    </ClCompile>
    <ClCompile Include="sources/rendering/meshes/GpuInstancedModels.cpp">
      <Filter>sources\rendering\meshes</Filter>
    </ClCompile>
    <ClCompile Include="sources/rendering/meshes/InstanceBuffer.cpp">
      <Filter>sources\rendering\meshes</Filter>
    </ClCompile>
    <ClCompile Include="sources/rendering/meshes/Mesh.cpp">
      <Filter>sources\rendering\meshes</Filter>
    </ClCompile>
    <ClCompile Include="sources/rendering/meshes/MeshManager.cpp">
      <Filter>sources\rendering\meshes</Filter>
    </ClCompile>
    <ClCompile Include="sources/rendering/meshes/StaticMesh.cpp">
      <Filter>sources\rendering\meshes</Filter>
    </ClCompile>
    <ClCompile Include="sources/rendering/renderables/TransparentStaticMesh.cpp">
      <Filter>sources\rendering\renderables</Filter>
    </ClCompile>
    <ClCompile Include="sources/rendering/renderables/GBufferRenderable.cpp">
      <Filter>sources\rendering\renderables</Filter>
    </ClCompile>
    <ClCompile Include="sources/rendering/renderables/RenderableObject.cpp">
      <Filter>sources\rendering\renderables</Filter>
    </ClCompile>
    <ClCompile Include="sources/rendering/renderables/RenderableObjectBase.cpp">
      <Filter>sources\rendering\renderables</Filter>
    </ClCompile>
    <ClCompile Include="sources/text/FontAtlas.cpp">
      <Filter>sources\text</Filter>
    </ClCompile>
    <ClCompile Include="sources/text/FontGenerator.cpp">
      <Filter>sources\text</Filter>
    </ClCompile>
    <ClCompile Include="sources/text/FontManager.cpp">
      <Filter>sources\text</Filter>
    </ClCompile>
    <ClCompile Include="sources/text/TextManager.cpp">
      <Filter>sources\text</Filter>
    </ClCompile>
    <ClCompile Include="third_party\enkiTS\src\TaskScheduler.cpp">
      <Filter>third_party\enkiTS\src</Filter>
    </ClCompile>
  </ItemGroup>
  <ItemGroup>
    <ClInclude Include="sources/app/App.h">
      <Filter>sources\app</Filter>
    </ClInclude>
    <ClInclude Include="sources/app/Camera.h">
      <Filter>sources\app</Filter>
    </ClInclude>
    <ClInclude Include="sources/app/DirectionalLight.h">
      <Filter>sources\rendering\lighting</Filter>
    </ClInclude>
    <ClInclude Include="sources/app/levels/DemoLevel.h">
      <Filter>sources\app\levels</Filter>
    </ClInclude>
    <ClInclude Include="sources/app/levels/Level.h">
      <Filter>sources\app\levels</Filter>
    </ClInclude>
    <ClInclude Include="sources/app/levels/LevelManager.h">
      <Filter>sources\app\levels</Filter>
    </ClInclude>
    <ClInclude Include="sources/app/Scene.h">
      <Filter>sources\app</Filter>
    </ClInclude>
    <ClInclude Include="sources/app/scene/SceneRenderConfig.h">
      <Filter>sources\app\scene</Filter>
    </ClInclude>
    <ClInclude Include="sources/app/scene/SceneRenderQueue.h">
      <Filter>sources\app\scene</Filter>
    </ClInclude>
    <ClInclude Include="sources/app/scene/SceneResourceBootstrapper.h">
      <Filter>sources\app\scene</Filter>
    </ClInclude>
    <ClInclude Include="sources/app/Systems.h">
      <Filter>sources\app</Filter>
    </ClInclude>
    <ClInclude Include="sources/core/Helpers.h">
      <Filter>sources\core</Filter>
    </ClInclude>
    <ClInclude Include="sources/core/math/Frustum.h">
      <Filter>sources\core\math</Filter>
    </ClInclude>
    <ClInclude Include="sources/core/profiling/Profiler.h">
      <Filter>sources\core\profiling</Filter>
    </ClInclude>
    <ClInclude Include="sources/core/profiling/ProfilerScopes.h">
      <Filter>sources\core\profiling</Filter>
    </ClInclude>
    <ClInclude Include="sources/core/task/TaskSystem.h">
      <Filter>sources\core\task</Filter>
    </ClInclude>
    <ClInclude Include="sources/core/task/TaskSystemLockFree.h">
      <Filter>sources\core\task</Filter>
    </ClInclude>
    <ClInclude Include="sources/core/task/TaskSystemEnki.h">
      <Filter>sources\core\task</Filter>
    </ClInclude>
    <ClInclude Include="sources/core/task/TaskSystemTBB.h">
      <Filter>sources\core\task</Filter>
    </ClInclude>
    <ClInclude Include="sources/input/ActionMap.h">
      <Filter>sources\input</Filter>
    </ClInclude>
    <ClInclude Include="sources/input/InputManager.h">
      <Filter>sources\input</Filter>
    </ClInclude>
    <ClInclude Include="sources/materials/Material.h">
      <Filter>sources\materials</Filter>
    </ClInclude>
    <ClInclude Include="sources/materials/MaterialData.h">
      <Filter>sources\materials</Filter>
    </ClInclude>
    <ClInclude Include="sources/materials/MaterialDataManager.h">
      <Filter>sources\materials</Filter>
    </ClInclude>
    <ClInclude Include="sources/materials/Texture2D.h">
      <Filter>sources\materials</Filter>
    </ClInclude>
    <ClInclude Include="sources/materials/TextureCube.h">
      <Filter>sources\materials</Filter>
    </ClInclude>
    <ClInclude Include="sources/materials/UploadManager.h">
      <Filter>sources\materials</Filter>
    </ClInclude>
    <ClInclude Include="sources/ocean/OceanRenderable.h">
      <Filter>sources\ocean</Filter>
    </ClInclude>
    <ClInclude Include="sources/ocean/OceanSimulation.h">
      <Filter>sources\ocean</Filter>
    </ClInclude>
    <ClInclude Include="sources/ocean/OceanSimulationInputs.h">
      <Filter>sources\ocean</Filter>
    </ClInclude>
    <ClInclude Include="sources/ocean/OceanSimulationSettings.h">
      <Filter>sources\ocean</Filter>
    </ClInclude>
    <ClInclude Include="sources/ocean/OceanSpectrum.h">
      <Filter>sources\ocean</Filter>
    </ClInclude>
    <ClInclude Include="sources/rendering/core/FrameResource.h">
      <Filter>sources\rendering\core</Filter>
    </ClInclude>
    <ClInclude Include="sources/rendering/core/RenderContext.h">
      <Filter>sources\rendering\core</Filter>
    </ClInclude>
    <ClInclude Include="sources/rendering/core/RenderContextPool.h">
      <Filter>sources\rendering\core</Filter>
    </ClInclude>
    <ClInclude Include="sources/rendering/core/RenderGraph.h">
      <Filter>sources\rendering\core</Filter>
    </ClInclude>
    <ClInclude Include="sources/rendering/core/RenderPass.h">
      <Filter>sources\rendering\core</Filter>
    </ClInclude>
    <ClInclude Include="sources/rendering/core/Renderer.h">
      <Filter>sources\rendering\core</Filter>
    </ClInclude>
    <ClInclude Include="sources/rendering/debug/DebugGrid.h">
      <Filter>sources\rendering\debug</Filter>
    </ClInclude>
    <ClInclude Include="sources/rendering/debug/DebugDraw.h">
      <Filter>sources\rendering\debug</Filter>
    </ClInclude>
    <ClInclude Include="sources/rendering/descriptors/DescriptorAllocator.h">
      <Filter>sources\rendering\descriptors</Filter>
    </ClInclude>
    <ClInclude Include="sources/rendering/descriptors/DescriptorHeapGPU.h">
      <Filter>sources\rendering\descriptors</Filter>
    </ClInclude>
    <ClInclude Include="sources/rendering/descriptors/InputLayoutManager.h">
      <Filter>sources\rendering\descriptors</Filter>
    </ClInclude>
    <ClInclude Include="sources/rendering/descriptors/RootSignatureLayout.h">
      <Filter>sources\rendering\descriptors</Filter>
    </ClInclude>
    <ClInclude Include="sources/rendering/descriptors/RootSignatureParser.h">
      <Filter>sources\rendering\descriptors</Filter>
    </ClInclude>
    <ClInclude Include="sources/rendering/descriptors/SamplerManager.h">
      <Filter>sources\rendering\descriptors</Filter>
    </ClInclude>
    <ClInclude Include="sources/rendering/lighting/LightManager.h">
      <Filter>sources\rendering\lighting</Filter>
    </ClInclude>
    <ClInclude Include="sources/rendering/lighting/SpotLight.h">
      <Filter>sources\rendering\lighting</Filter>
    </ClInclude>
    <ClInclude Include="sources/rendering/lighting/PointLight.h">
      <Filter>sources\rendering\lighting</Filter>
    </ClInclude>
    <ClInclude Include="sources/rendering/lighting/Skybox.h">
      <Filter>sources\rendering\lighting</Filter>
    </ClInclude>
    <ClInclude Include="sources/rendering/meshes/GpuInstancedModels.h">
      <Filter>sources\rendering\meshes</Filter>
    </ClInclude>
    <ClInclude Include="sources/rendering/meshes/InstanceBuffer.h">
      <Filter>sources\rendering\meshes</Filter>
    </ClInclude>
    <ClInclude Include="sources/rendering/meshes/Mesh.h">
      <Filter>sources\rendering\meshes</Filter>
    </ClInclude>
    <ClInclude Include="sources/rendering/meshes/MeshManager.h">
      <Filter>sources\rendering\meshes</Filter>
    </ClInclude>
    <ClInclude Include="sources/rendering/meshes/StaticMesh.h">
      <Filter>sources\rendering\meshes</Filter>
    </ClInclude>
    <ClInclude Include="sources/rendering/renderables/GBufferRenderable.h">
      <Filter>sources\rendering\renderables</Filter>
    </ClInclude>
    <ClInclude Include="sources/rendering/renderables/TransparentStaticMesh.h">
      <Filter>sources\rendering\renderables</Filter>
    </ClInclude>
    <ClInclude Include="sources/rendering/renderables/RenderableObject.h">
      <Filter>sources\rendering\renderables</Filter>
    </ClInclude>
    <ClInclude Include="sources/rendering/renderables/RenderableObjectBase.h">
      <Filter>sources\rendering\renderables</Filter>
    </ClInclude>
    <ClInclude Include="sources/text/FontAtlas.h">
      <Filter>sources\text</Filter>
    </ClInclude>
    <ClInclude Include="sources/text/FontGenerator.h">
      <Filter>sources\text</Filter>
    </ClInclude>
    <ClInclude Include="sources/text/FontManager.h">
      <Filter>sources\text</Filter>
    </ClInclude>
    <ClInclude Include="sources/text/TextManager.h">
      <Filter>sources\text</Filter>
    </ClInclude>
    <ClInclude Include="third_party\enkiTS\src\TaskScheduler.h">
      <Filter>third_party\enkiTS\src</Filter>
    </ClInclude>
    <ClInclude Include="sources/core/math/Math.h">
      <Filter>sources\core\math</Filter>
    </ClInclude>
    <ClInclude Include="sources/core/math/AABB.h">
      <Filter>sources\core\math</Filter>
    </ClInclude>
    <ClInclude Include="sources/core/math/OBB.h">
      <Filter>sources\core\math</Filter>
    </ClInclude>
    <ClInclude Include="sources\core\containers\inl_vector.h">
      <Filter>sources\core\containers</Filter>
    </ClInclude>
  </ItemGroup>
  <ItemGroup>
    <None Include="shaders\axes.hlsl">
      <Filter>shaders</Filter>
    </None>
    <None Include="shaders\ssr_blur_cs.hlsl">
      <Filter>shaders</Filter>
    </None>
    <None Include="shaders\compose_cs.hlsl">
      <Filter>shaders</Filter>
    </None>
    <None Include="shaders\debug_texture.hlsl">
      <Filter>shaders</Filter>
    </None>
    <None Include="shaders\debug_draw.hlsl">
      <Filter>shaders</Filter>
    </None>
    <None Include="shaders\font_pixelperfect.hlsl">
      <Filter>shaders</Filter>
    </None>
    <None Include="shaders\font_sdf.hlsl">
      <Filter>shaders</Filter>
    </None>
    <None Include="shaders\gbuffer.hlsl">
      <Filter>shaders</Filter>
    </None>
    <None Include="shaders\gbuffer_common.hlsl">
      <Filter>shaders</Filter>
    </None>
    <None Include="shaders\gbuffer_csm.hlsl">
      <Filter>shaders</Filter>
    </None>
    <None Include="shaders\gbuffer_inst.hlsl">
      <Filter>shaders</Filter>
    </None>
    <None Include="shaders\gbuffer_inst_csm.hlsl">
      <Filter>shaders</Filter>
    </None>
    <None Include="shaders\glass.hlsl">
      <Filter>shaders</Filter>
    </None>
    <None Include="shaders\glass_csm.hlsl">
      <Filter>shaders</Filter>
    </None>
    <None Include="shaders\instance_anim.hlsl">
      <Filter>shaders</Filter>
    </None>
    <None Include="shaders\lighting_cs.hlsl">
      <Filter>shaders</Filter>
    </None>
    <None Include="shaders\lines.hlsl">
      <Filter>shaders</Filter>
    </None>
    <None Include="shaders\ocean_fft.hlsl">
      <Filter>shaders</Filter>
    </None>
    <None Include="shaders\ocean_generate_mips.hlsl">
      <Filter>shaders</Filter>
    </None>
    <None Include="shaders\ocean_foam_simulation.hlsl">
      <Filter>shaders</Filter>
    </None>
    <None Include="shaders\ocean_surface.hlsl">
      <Filter>shaders</Filter>
    </None>
    <None Include="shaders\ocean_time_spectrum.hlsl">
      <Filter>shaders</Filter>
    </None>
    <None Include="shaders\pointlight_color_fs.hlsl">
      <Filter>shaders</Filter>
    </None>
    <None Include="shaders\pointlight_cs.hlsl">
      <Filter>shaders</Filter>
    </None>
    <None Include="shaders\pointlight_zfail.hlsl">
      <Filter>shaders</Filter>
    </None>
    <None Include="shaders\shader.hlsl">
      <Filter>shaders</Filter>
    </None>
    <None Include="shaders\shader_comp.hlsl">
      <Filter>shaders</Filter>
    </None>
    <None Include="shaders\shader_PNTUV.hlsl">
      <Filter>shaders</Filter>
    </None>
    <None Include="shaders\skybox.hlsl">
      <Filter>shaders</Filter>
    </None>
    <None Include="shaders\ssr_cs.hlsl">
      <Filter>shaders</Filter>
    </None>
    <None Include="shaders\spotlight_cs.hlsl">
      <Filter>shaders</Filter>
    </None>
    <None Include="shaders\tonemap_cs.hlsl">
      <Filter>shaders</Filter>
    </None>
    <None Include="shaders\fxaa_cs.hlsl">
      <Filter>shaders</Filter>
    </None>
    <None Include="shaders\ui_rect.hlsl">
      <Filter>shaders</Filter>
    </None>
    <None Include="shaders\utils.hlsl">
      <Filter>shaders</Filter>
    </None>
    <None Include="textures\ocean\ContactFoam.png">
      <Filter>textures\ocean</Filter>
    </None>
    <None Include="textures\ocean\FoamAlbedo.png">
      <Filter>textures\ocean</Filter>
    </None>
    <None Include="textures\ocean\FoamTrail.png">
      <Filter>textures\ocean</Filter>
    </None>
    <None Include="textures\ocean\UnderwaterFoam.png">
      <Filter>textures\ocean</Filter>
    </None>
    <None Include="textures\ocean\wind_gusts.png">
      <Filter>textures\ocean</Filter>
    </None>
    <None Include="input\bindings.json">
      <Filter>input</Filter>
    </None>
  </ItemGroup>
  <ItemGroup>
    <Natvis Include="third_party\robin_hood.natvis" />
  </ItemGroup>
</Project>