<?xml version="1.0" encoding="utf-8"?>
<Project ToolsVersion="4.0" xmlns="http://schemas.microsoft.com/developer/msbuild/2003">
  <ItemGroup>
    <Filter Include="sources">
      <UniqueIdentifier>{2f945f3e-b723-4214-859a-7577c42810bf}</UniqueIdentifier>
    </Filter>
    <Filter Include="sources\assets">
      <UniqueIdentifier>{6966204d-e4ba-4b50-95f6-f5b005b4dbee}</UniqueIdentifier>
    </Filter>
    <Filter Include="sources\app">
      <UniqueIdentifier>{5aff9bc4-3b70-4d19-9d0a-bbee8fd08061}</UniqueIdentifier>
    </Filter>
    <Filter Include="sources\vfx">
      <UniqueIdentifier>{7d1c3a92-4b6e-48f1-9c0d-2e5a8b7f6a31}</UniqueIdentifier>
    </Filter>
    <Filter Include="sources\app\ui">
      <UniqueIdentifier>{10b794f9-6252-4338-a7cf-a17c4396881f}</UniqueIdentifier>
    </Filter>
    <Filter Include="sources\app\diagnostics">
      <UniqueIdentifier>{00d55c0d-417a-46be-899e-d59e8c5bfccb}</UniqueIdentifier>
    </Filter>
    <Filter Include="sources\editor">
      <UniqueIdentifier>{16c05df7-1353-41a0-9a7e-e124edb0c1ab}</UniqueIdentifier>
    </Filter>
    <Filter Include="sources\editor\assets">
      <UniqueIdentifier>{630f4e65-3b13-49ff-b6ea-2c7ab1323bca}</UniqueIdentifier>
    </Filter>
    <Filter Include="sources\editor\ui">
      <UniqueIdentifier>{80eb585e-fa71-4f41-8563-a63ff19b8672}</UniqueIdentifier>
    </Filter>
    <Filter Include="sources\editor\scene">
      <UniqueIdentifier>{f4c986b7-b075-4c6b-bb22-fd7c95e11e17}</UniqueIdentifier>
    </Filter>
    <Filter Include="sources\editor\serialization">
      <UniqueIdentifier>{b385a8cd-a83a-4c6c-9a37-de2e7c059df2}</UniqueIdentifier>
    </Filter>
    <Filter Include="sources\editor\commands">
      <UniqueIdentifier>{d9cb89dc-091f-4d5d-8eb4-c21e21a65eed}</UniqueIdentifier>
    </Filter>
    <Filter Include="sources\app\scene">
      <UniqueIdentifier>{c3a9a9e2-1a4c-48d3-9b46-0a0401bc9c86}</UniqueIdentifier>
    </Filter>
    <Filter Include="sources\app\camera">
      <UniqueIdentifier>{8d2abf54-69b6-4d38-8341-5ef5780f5d74}</UniqueIdentifier>
    </Filter>
    <Filter Include="sources\app\levels">
      <UniqueIdentifier>{b1a2558d-4f4a-4c56-93db-0d8ae410cdbd}</UniqueIdentifier>
    </Filter>
    <Filter Include="sources\core">
      <UniqueIdentifier>{e4ee6e35-a54a-4795-9849-d685ff1589ed}</UniqueIdentifier>
    </Filter>
    <Filter Include="sources\core\profiling">
      <UniqueIdentifier>{b159312f-ce29-4185-896e-c90bf9c9e7a1}</UniqueIdentifier>
    </Filter>
    <Filter Include="sources\core\diagnostics">
      <UniqueIdentifier>{a14b2f1c-8fb2-4acf-8009-3349f15bfe0b}</UniqueIdentifier>
    </Filter>
    <Filter Include="sources\core\task">
      <UniqueIdentifier>{614b2f1c-8fb2-4acf-8009-3349f15bfe0b}</UniqueIdentifier>
    </Filter>
    <Filter Include="sources\core\task\diagnostics">
      <UniqueIdentifier>{d1bbfba0-b798-45a8-a1b8-0a9ff5061066}</UniqueIdentifier>
    </Filter>
    <Filter Include="sources\input">
      <UniqueIdentifier>{849f6304-d894-4dd4-9d93-005e85a0b4e2}</UniqueIdentifier>
    </Filter>
    <Filter Include="sources\materials">
      <UniqueIdentifier>{80f11b03-6857-4909-a56b-811acbb13623}</UniqueIdentifier>
    </Filter>
    <Filter Include="sources\ocean">
      <UniqueIdentifier>{36d7f479-eefd-466d-9a40-266581ee6b89}</UniqueIdentifier>
    </Filter>
    <Filter Include="sources\rendering">
      <UniqueIdentifier>{d7a549b3-2575-456d-869c-0c11ead713a3}</UniqueIdentifier>
    </Filter>
    <Filter Include="sources\rendering\core">
      <UniqueIdentifier>{dc6790ce-276e-4f46-8000-f893062b29a2}</UniqueIdentifier>
    </Filter>
    <Filter Include="sources\rendering\diagnostics">
      <UniqueIdentifier>{5cb7c7b9-fdcc-4910-aa3c-f415f30f3de0}</UniqueIdentifier>
    </Filter>
    <Filter Include="sources\rendering\debug">
      <UniqueIdentifier>{5b663f47-cdab-4683-891d-f6186e6cdece}</UniqueIdentifier>
    </Filter>
    <Filter Include="sources\rendering\rt">
      <UniqueIdentifier>{7a1f2c34-9d8b-4e26-bf5a-3c0d1e6a7b42}</UniqueIdentifier>
    </Filter>
    <Filter Include="sources\rendering\descriptors">
      <UniqueIdentifier>{5012d3ff-a759-4130-a653-2bedd00122c0}</UniqueIdentifier>
    </Filter>
    <Filter Include="sources\rendering\lighting">
      <UniqueIdentifier>{2188c317-84c1-4124-bafc-cf5f7b610fd0}</UniqueIdentifier>
    </Filter>
    <Filter Include="sources\rendering\meshes">
      <UniqueIdentifier>{8c3dc93e-5b8a-4317-b18f-f33f90b9f5d6}</UniqueIdentifier>
    </Filter>
    <Filter Include="sources\rendering\renderables">
      <UniqueIdentifier>{99f7c016-b0a5-4396-a20a-8823cda192d5}</UniqueIdentifier>
    </Filter>
    <Filter Include="sources\rendering\shadows">
      <UniqueIdentifier>{f843b580-8945-4bb6-a7e5-a54a45200f3b}</UniqueIdentifier>
    </Filter>
    <Filter Include="sources\text">
      <UniqueIdentifier>{4426bb63-b333-4e9f-b709-016e83f65a2e}</UniqueIdentifier>
    </Filter>
    <Filter Include="sources\ui">
      <UniqueIdentifier>{cb40cf8e-0162-4bfd-8b37-c4a59fe60aae}</UniqueIdentifier>
    </Filter>
    <Filter Include="third_party">
      <UniqueIdentifier>{7a300746-b1e1-41ad-bbd4-6f265c38c41a}</UniqueIdentifier>
    </Filter>
    <Filter Include="third_party\DirectXTex">
      <UniqueIdentifier>{8d8fc9c2-d9ef-4c86-be1d-2eff95b59bdb}</UniqueIdentifier>
    </Filter>
    <Filter Include="third_party\cgltf">
      <UniqueIdentifier>{ca3db394-f78d-43e5-b116-f5e38602972a}</UniqueIdentifier>
    </Filter>
    <Filter Include="third_party\meshoptimizer">
      <UniqueIdentifier>{48bded15-5cb9-47bf-bf82-660efe28a98c}</UniqueIdentifier>
    </Filter>
    <Filter Include="third_party\meshoptimizer\src">
      <UniqueIdentifier>{4553a5f5-caac-4252-88c8-9c10cacab476}</UniqueIdentifier>
    </Filter>
    <Filter Include="third_party\enkiTS">
      <UniqueIdentifier>{4f1b643a-7bfe-4677-bb0a-effcb5754eef}</UniqueIdentifier>
    </Filter>
    <Filter Include="third_party\enkiTS\src">
      <UniqueIdentifier>{2123397a-80ef-4fc1-af02-75b8aed52681}</UniqueIdentifier>
    </Filter>
    <Filter Include="third_party\imgui">
      <UniqueIdentifier>{f8e1a35c-06be-43cf-9883-c139d4d4192f}</UniqueIdentifier>
    </Filter>
    <Filter Include="third_party\imgui\backends">
      <UniqueIdentifier>{32c7f7c2-32a5-407c-aa81-1e55761ba075}</UniqueIdentifier>
    </Filter>
    <Filter Include="third_party\ImGuizmo">
      <UniqueIdentifier>{da78fd0e-0c5e-4b68-804b-b4c0c3311840}</UniqueIdentifier>
    </Filter>
    <Filter Include="input">
      <UniqueIdentifier>{09b469f3-2854-440a-8b45-695e11cfe0e6}</UniqueIdentifier>
    </Filter>
    <Filter Include="shaders">
      <UniqueIdentifier>{01504546-7cdf-4026-ad57-b74156b71b63}</UniqueIdentifier>
    </Filter>
    <Filter Include="sources\core\math">
      <UniqueIdentifier>{9245a199-dbad-464b-949f-23a9500801ad}</UniqueIdentifier>
    </Filter>
    <Filter Include="textures">
      <UniqueIdentifier>{d2ecb7f1-4c6b-4c38-8b1c-e4ff1f8c5e11}</UniqueIdentifier>
    </Filter>
    <Filter Include="textures\ocean">
      <UniqueIdentifier>{4f4e25a2-8f7a-4601-8f8b-fcf539813b4e}</UniqueIdentifier>
    </Filter>
    <Filter Include="textures\editor">
      <UniqueIdentifier>{82957f61-e3cb-4e16-9d43-c90bc43e619a}</UniqueIdentifier>
    </Filter>
    <Filter Include="art">
      <UniqueIdentifier>{a79f922c-0bc7-498b-b043-36a0c958a516}</UniqueIdentifier>
    </Filter>
    <Filter Include="art\editor">
      <UniqueIdentifier>{6e3f5b40-91dc-45db-a8e8-c0628d559e03}</UniqueIdentifier>
    </Filter>
    <Filter Include="art\editor\content_browser_icons">
      <UniqueIdentifier>{d45e02d2-1eeb-449a-a5bd-c55e13dc69b8}</UniqueIdentifier>
    </Filter>
    <Filter Include="tools">
      <UniqueIdentifier>{b9af8407-19f0-4282-a46e-220724aa0246}</UniqueIdentifier>
    </Filter>
    <Filter Include="data">
      <UniqueIdentifier>{ef8c8f75-2723-43e9-9415-8f7479d6b118}</UniqueIdentifier>
    </Filter>
    <Filter Include="data\ocean">
      <UniqueIdentifier>{650d577a-685a-429d-82d2-afdd0a755f61}</UniqueIdentifier>
    </Filter>
    <Filter Include="sources\core\containers">
      <UniqueIdentifier>{b4d6f3fb-1d2f-45a3-8ea3-34403ce09d15}</UniqueIdentifier>
    </Filter>
  </ItemGroup>
  <ItemGroup>
    <ClCompile Include="sources/pch.cpp">
      <Filter>sources</Filter>
    </ClCompile>
    <ClCompile Include="sources/app/AppController.cpp">
      <Filter>sources\app</Filter>
    </ClCompile>
    <ClCompile Include="sources/editor/EditorController.cpp">
      <Filter>sources\editor</Filter>
    </ClCompile>
    <ClCompile Include="sources/editor/EditorExtensionRegistry.cpp">
      <Filter>sources\editor</Filter>
    </ClCompile>
    <ClCompile Include="sources/editor/EditorHotkeys.cpp">
      <Filter>sources\editor</Filter>
    </ClCompile>
    <ClCompile Include="sources/editor/assets/AssetRegistry.cpp">
      <Filter>sources\editor\assets</Filter>
    </ClCompile>
    <ClCompile Include="sources/editor/assets/MaterialFileGen.cpp">
      <Filter>sources\editor\assets</Filter>
    </ClCompile>
    <ClCompile Include="sources/editor/assets/AssetThumbnailCache.cpp">
      <Filter>sources\editor\assets</Filter>
    </ClCompile>
    <ClCompile Include="sources/editor/assets/EditorPreviewRenderer.cpp">
      <Filter>sources\editor\assets</Filter>
    </ClCompile>
    <ClCompile Include="sources/editor/ui/ContentBrowserPanel.cpp">
      <Filter>sources\editor\ui</Filter>
    </ClCompile>
    <ClCompile Include="sources/editor/ui/ImportPanel.cpp">
      <Filter>sources\editor\ui</Filter>
    </ClCompile>
    <ClCompile Include="sources/editor/ui/CommandHistoryPanel.cpp">
      <Filter>sources\editor\ui</Filter>
    </ClCompile>
    <ClCompile Include="sources/editor/scene/EditorSceneDocument.cpp">
      <Filter>sources\editor\scene</Filter>
    </ClCompile>
    <ClCompile Include="sources/editor/scene/EnvironmentRuntime.cpp">
      <Filter>sources\editor\scene</Filter>
    </ClCompile>
    <ClCompile Include="sources/editor/serialization/LevelDocumentSerializer.cpp">
      <Filter>sources\editor\serialization</Filter>
    </ClCompile>
    <ClCompile Include="sources/editor/commands/EditorCommandStack.cpp">
      <Filter>sources\editor\commands</Filter>
    </ClCompile>
    <ClCompile Include="sources/editor/commands/CompositeCommand.cpp">
      <Filter>sources\editor\commands</Filter>
    </ClCompile>
    <ClCompile Include="sources/editor/commands/EditEnvironmentCommand.cpp">
      <Filter>sources\editor\commands</Filter>
    </ClCompile>
    <ClCompile Include="sources/editor/commands/CreateDocumentObjectCommand.cpp">
      <Filter>sources\editor\commands</Filter>
    </ClCompile>
    <ClCompile Include="sources/editor/commands/CreateEnvironmentCommand.cpp">
      <Filter>sources\editor\commands</Filter>
    </ClCompile>
    <ClCompile Include="sources/editor/commands/SpawnMeshCommand.cpp">
      <Filter>sources\editor\commands</Filter>
    </ClCompile>
    <ClCompile Include="sources/editor/commands/DeleteObjectCommand.cpp">
      <Filter>sources\editor\commands</Filter>
    </ClCompile>
    <ClCompile Include="sources/editor/commands/DuplicateObjectCommand.cpp">
      <Filter>sources\editor\commands</Filter>
    </ClCompile>
    <ClCompile Include="sources/editor/commands/PasteObjectCommand.cpp">
      <Filter>sources\editor\commands</Filter>
    </ClCompile>
    <ClCompile Include="sources/editor/commands/RenameObjectCommand.cpp">
      <Filter>sources\editor\commands</Filter>
    </ClCompile>
    <ClCompile Include="sources/editor/commands/TransformObjectCommand.cpp">
      <Filter>sources\editor\commands</Filter>
    </ClCompile>
    <ClCompile Include="sources/editor/commands/SetEnabledCommand.cpp">
      <Filter>sources\editor\commands</Filter>
    </ClCompile>
    <ClCompile Include="sources/editor/commands/SetMaterialCommand.cpp">
      <Filter>sources\editor\commands</Filter>
    </ClCompile>
    <ClCompile Include="sources/editor/commands/SetMaterialSlotCommand.cpp">
      <Filter>sources\editor\commands</Filter>
    </ClCompile>
    <ClCompile Include="sources/editor/commands/SetParticlePresetCommand.cpp">
      <Filter>sources\editor\commands</Filter>
    </ClCompile>
    <ClCompile Include="sources/editor/ui/SceneOutlinerPanel.cpp">
      <Filter>sources\editor\ui</Filter>
    </ClCompile>
    <ClCompile Include="sources/editor/ui/InspectorPanel.cpp">
      <Filter>sources\editor\ui</Filter>
    </ClCompile>
    <ClCompile Include="sources/editor/ui/ViewportGizmo.cpp">
      <Filter>sources\editor\ui</Filter>
    </ClCompile>
    <ClCompile Include="sources/app/ui/DeveloperWindow.cpp">
      <Filter>sources\app\ui</Filter>
    </ClCompile>
    <ClCompile Include="sources/ocean/OceanControlsWindow.cpp">
      <Filter>sources\ocean</Filter>
    </ClCompile>
    <ClCompile Include="sources/app/App.cpp">
      <Filter>sources\app</Filter>
    </ClCompile>
    <ClCompile Include="sources/app/diagnostics/SceneStress.cpp">
      <Filter>sources\app\diagnostics</Filter>
    </ClCompile>
    <ClCompile Include="sources/app/camera/Camera.cpp">
      <Filter>sources\app\camera</Filter>
    </ClCompile>
    <ClCompile Include="sources/rendering/lighting/DirectionalLight.cpp">
      <Filter>sources\rendering\lighting</Filter>
    </ClCompile>
    <ClCompile Include="sources/app/levels/JsonLevel.cpp">
      <Filter>sources\app\levels</Filter>
    </ClCompile>
    <ClCompile Include="sources/app/levels/Level.cpp">
      <Filter>sources\app\levels</Filter>
    </ClCompile>
    <ClCompile Include="sources/app/levels/LevelManager.cpp">
      <Filter>sources\app\levels</Filter>
    </ClCompile>
    <ClCompile Include="sources/app/scene/Scene.cpp">
      <Filter>sources\app\scene</Filter>
    </ClCompile>
    <ClCompile Include="sources/app/scene/SceneObjectFactory.cpp">
      <Filter>sources\app\scene</Filter>
    </ClCompile>
    <ClCompile Include="sources/app/scene/SceneObjectRegistry.cpp">
      <Filter>sources\app\scene</Filter>
    </ClCompile>
    <ClCompile Include="sources/app/scene/SceneRenderConfig.cpp">
      <Filter>sources\app\scene</Filter>
    </ClCompile>
    <ClCompile Include="sources/app/scene/SceneRenderer.cpp">
      <Filter>sources\app\scene</Filter>
    </ClCompile>
    <ClCompile Include="sources/app/scene/SceneRenderQueue.cpp">
      <Filter>sources\app\scene</Filter>
    </ClCompile>
    <ClCompile Include="sources/app/scene/SceneResourceBootstrapper.cpp">
      <Filter>sources\app\scene</Filter>
    </ClCompile>
    <ClCompile Include="sources/app/Systems.cpp">
      <Filter>sources\app</Filter>
    </ClCompile>
    <ClCompile Include="sources/app/main.cpp">
      <Filter>sources\app</Filter>
    </ClCompile>
    <ClCompile Include="sources/core/profiling/Profiler.cpp">
      <Filter>sources\core\profiling</Filter>
    </ClCompile>
    <ClCompile Include="sources/core/profiling/ProfilerScopes.cpp">
      <Filter>sources\core\profiling</Filter>
    </ClCompile>
    <ClCompile Include="sources\core\task\TaskSystemEnki.cpp">
      <Filter>sources\core\task</Filter>
    </ClCompile>
    <ClCompile Include="sources/core/task/diagnostics/TaskSystemStress.cpp">
      <Filter>sources\core\task\diagnostics</Filter>
    </ClCompile>
    <ClCompile Include="sources/core/task/TaskSystemLockFree.cpp">
      <Filter>sources\core\task</Filter>
    </ClCompile>
    <ClCompile Include="sources/core/task/TaskSystemTBB.cpp">
      <Filter>sources\core\task</Filter>
    </ClCompile>
    <ClCompile Include="sources/input/ActionMap.cpp">
      <Filter>sources\input</Filter>
    </ClCompile>
    <ClCompile Include="sources/input/InputManager.cpp">
      <Filter>sources\input</Filter>
    </ClCompile>
    <ClCompile Include="sources/materials/Material.cpp">
      <Filter>sources\materials</Filter>
    </ClCompile>
    <ClCompile Include="sources/materials/MaterialData.cpp">
      <Filter>sources\materials</Filter>
    </ClCompile>
    <ClCompile Include="sources/materials/MaterialDataManager.cpp">
      <Filter>sources\materials</Filter>
    </ClCompile>
    <ClCompile Include="sources/materials/TextureDecodeCache.cpp">
      <Filter>sources\materials</Filter>
    </ClCompile>
    <ClCompile Include="sources/materials/Texture2D.cpp">
      <Filter>sources\materials</Filter>
    </ClCompile>
    <ClCompile Include="sources/materials/TextureCube.cpp">
      <Filter>sources\materials</Filter>
    </ClCompile>
    <ClCompile Include="sources/ocean/OceanRenderable.cpp">
      <Filter>sources\ocean</Filter>
    </ClCompile>
    <ClCompile Include="sources/ocean/OceanSimulationConfig.cpp">
      <Filter>sources\ocean</Filter>
    </ClCompile>
    <ClCompile Include="sources/ocean/OceanSimulation.cpp">
      <Filter>sources\ocean</Filter>
    </ClCompile>
    <ClCompile Include="sources/ocean/OceanSurfSim.cpp">
      <Filter>sources\ocean</Filter>
    </ClCompile>
    <ClCompile Include="sources/ocean/OceanWetness.cpp">
      <Filter>sources\ocean</Filter>
    </ClCompile>
    <ClCompile Include="sources/vfx/ParticleEmitterObject.cpp">
      <Filter>sources\vfx</Filter>
    </ClCompile>
    <ClCompile Include="sources/vfx/ParticlePresets.cpp">
      <Filter>sources\vfx</Filter>
    </ClCompile>
    <ClCompile Include="sources/ocean/OceanSimulationInputs.cpp">
      <Filter>sources\ocean</Filter>
    </ClCompile>
    <ClCompile Include="sources/ocean/OceanSimulationSettings.cpp">
      <Filter>sources\ocean</Filter>
    </ClCompile>
    <ClCompile Include="sources/ocean/OceanSpectrum.cpp">
      <Filter>sources\ocean</Filter>
    </ClCompile>
    <ClCompile Include="sources/rendering/core/FrameResource.cpp">
      <Filter>sources\rendering\core</Filter>
    </ClCompile>
    <ClCompile Include="sources/rendering/core/RenderContextPool.cpp">
      <Filter>sources\rendering\core</Filter>
    </ClCompile>
    <ClCompile Include="sources/rendering/core/DlssHandler.cpp">
      <Filter>sources\rendering\core</Filter>
    </ClCompile>
    <ClCompile Include="sources/rendering/core/UploadBatch.cpp">
      <Filter>sources\rendering\core</Filter>
    </ClCompile>
    <ClCompile Include="sources/rendering/core/FrameScheduler.cpp">
      <Filter>sources\rendering\core</Filter>
    </ClCompile>
    <ClCompile Include="sources/rendering/core/GraphicsDevice.cpp">
      <Filter>sources\rendering\core</Filter>
    </ClCompile>
    <ClCompile Include="sources/rendering/core/SwapchainManager.cpp">
      <Filter>sources\rendering\core</Filter>
    </ClCompile>
    <ClCompile Include="sources/rendering/core/RenderTargetManager.cpp">
      <Filter>sources\rendering\core</Filter>
    </ClCompile>
    <ClCompile Include="sources/rendering/core/BarrierTranslation.cpp">
      <Filter>sources\rendering\core</Filter>
    </ClCompile>
    <ClCompile Include="sources/rendering/core/TextureCreate.cpp">
      <Filter>sources\rendering\core</Filter>
    </ClCompile>
    <ClCompile Include="sources/rendering/core/ExposureMetering.cpp">
      <Filter>sources\rendering\core</Filter>
    </ClCompile>
    <ClCompile Include="sources/rendering/core/Renderer.cpp">
      <Filter>sources\rendering\core</Filter>
    </ClCompile>
    <ClCompile Include="sources/rendering/core/Screenshot.cpp">
      <Filter>sources\rendering\core</Filter>
    </ClCompile>
    <ClCompile Include="sources/rendering/core/RendererInvariantFailure.cpp">
      <Filter>sources\rendering\core</Filter>
    </ClCompile>
    <ClCompile Include="sources/rendering/diagnostics/RendererSubmissionStress.cpp">
      <Filter>sources\rendering\diagnostics</Filter>
    </ClCompile>
    <ClCompile Include="sources/rendering/core/SubmitTimeline.cpp">
      <Filter>sources\rendering\core</Filter>
    </ClCompile>
    <ClCompile Include="sources/rendering/rt/AccelerationStructure.cpp">
      <Filter>sources\rendering\rt</Filter>
    </ClCompile>
    <ClCompile Include="sources/rendering/rt/BindlessTable.cpp">
      <Filter>sources\rendering\rt</Filter>
    </ClCompile>
    <ClCompile Include="sources/rendering/rt/ReflectionHistory.cpp">
      <Filter>sources\rendering\rt</Filter>
    </ClCompile>
    <ClCompile Include="sources/rendering/rt/RtSmoke.cpp">
      <Filter>sources\rendering\rt</Filter>
    </ClCompile>
    <ClCompile Include="sources/rendering/debug/DebugGrid.cpp">
      <Filter>sources\rendering\debug</Filter>
    </ClCompile>
    <ClCompile Include="sources/rendering/debug/DebugDraw.cpp">
      <Filter>sources\rendering\debug</Filter>
    </ClCompile>
    <ClCompile Include="sources/rendering/debug/TextureDebugViewer.cpp">
      <Filter>sources\rendering\debug</Filter>
    </ClCompile>
    <ClCompile Include="sources/rendering/descriptors/InputLayoutManager.cpp">
      <Filter>sources\rendering\descriptors</Filter>
    </ClCompile>
    <ClCompile Include="sources/rendering/descriptors/SamplerManager.cpp">
      <Filter>sources\rendering\descriptors</Filter>
    </ClCompile>
    <ClCompile Include="sources/rendering/lighting/LightManager.cpp">
      <Filter>sources\rendering\lighting</Filter>
    </ClCompile>
    <ClCompile Include="sources/rendering/lighting/PointLight.cpp">
      <Filter>sources\rendering\lighting</Filter>
    </ClCompile>
    <ClCompile Include="sources/rendering/lighting/SpotLight.cpp">
      <Filter>sources\rendering\lighting</Filter>
    </ClCompile>
    <ClCompile Include="sources/rendering/lighting/Skybox.cpp">
      <Filter>sources\rendering\lighting</Filter>
    </ClCompile>
    <ClCompile Include="sources/rendering/meshes/GpuInstancedModels.cpp">
      <Filter>sources\rendering\meshes</Filter>
    </ClCompile>
    <ClCompile Include="sources/rendering/meshes/InstanceBuffer.cpp">
      <Filter>sources\rendering\meshes</Filter>
    </ClCompile>
    <ClCompile Include="sources/rendering/meshes/Mesh.cpp">
      <Filter>sources\rendering\meshes</Filter>
    </ClCompile>
    <ClCompile Include="sources/rendering/meshes/MeshManager.cpp">
      <Filter>sources\rendering\meshes</Filter>
    </ClCompile>
    <ClCompile Include="sources/rendering/meshes/StaticMesh.cpp">
      <Filter>sources\rendering\meshes</Filter>
    </ClCompile>
    <ClCompile Include="sources/rendering/renderables/TransparentStaticMesh.cpp">
      <Filter>sources\rendering\renderables</Filter>
    </ClCompile>
    <ClCompile Include="sources/rendering/renderables/GBufferRenderable.cpp">
      <Filter>sources\rendering\renderables</Filter>
    </ClCompile>
    <ClCompile Include="sources/rendering/renderables/InstancedDrawBatch.cpp">
      <Filter>sources\rendering\renderables</Filter>
    </ClCompile>
    <ClCompile Include="sources/rendering/shadows/ShadowGpuData.cpp">
      <Filter>sources\rendering\shadows</Filter>
    </ClCompile>
    <ClCompile Include="sources/rendering/shadows/VirtualShadowMap.cpp">
      <Filter>sources\rendering\shadows</Filter>
    </ClCompile>
    <ClCompile Include="sources/rendering/renderables/RenderableObject.cpp">
      <Filter>sources\rendering\renderables</Filter>
    </ClCompile>
    <ClCompile Include="sources/rendering/renderables/RenderableObjectBase.cpp">
      <Filter>sources\rendering\renderables</Filter>
    </ClCompile>
    <ClCompile Include="sources/text/FontAtlas.cpp">
      <Filter>sources\text</Filter>
    </ClCompile>
    <ClCompile Include="sources/text/FontGenerator.cpp">
      <Filter>sources\text</Filter>
    </ClCompile>
    <ClCompile Include="sources/text/FontManager.cpp">
      <Filter>sources\text</Filter>
    </ClCompile>
    <ClCompile Include="sources/text/TextManager.cpp">
      <Filter>sources\text</Filter>
    </ClCompile>
    <ClCompile Include="sources/ui/ImGuiLayer.cpp">
      <Filter>sources\ui</Filter>
    </ClCompile>
    <ClCompile Include="sources/assets/AssetImporter.cpp">
      <Filter>sources\assets</Filter>
    </ClCompile>
    <ClCompile Include="sources/editor/commands/SetMeshAssetCommand.cpp">
      <Filter>sources\editor\commands</Filter>
    </ClCompile>
    <ClCompile Include="sources/editor/ui/MaterialEditorPanel.cpp">
      <Filter>sources\editor\ui</Filter>
    </ClCompile>
    <ClCompile Include="sources/editor/ui/MeshEditorPanel.cpp">
      <Filter>sources\editor\ui</Filter>
    </ClCompile>
    <ClCompile Include="sources/editor/ui/MeshEditorPreviewScene.cpp">
      <Filter>sources\editor\ui</Filter>
    </ClCompile>
  </ItemGroup>
  <ItemGroup>
    <ClInclude Include="sources/pch.h">
      <Filter>sources</Filter>
    </ClInclude>
    <ClInclude Include="sources/app/AppController.h">
      <Filter>sources\app</Filter>
    </ClInclude>
    <ClInclude Include="sources/editor/EditorContext.h">
      <Filter>sources\editor</Filter>
    </ClInclude>
    <ClInclude Include="sources/editor/EditorSelection.h">
      <Filter>sources\editor</Filter>
    </ClInclude>
    <ClInclude Include="sources/editor/EditorController.h">
      <Filter>sources\editor</Filter>
    </ClInclude>
    <ClInclude Include="sources/editor/EditorExtensionRegistry.h">
      <Filter>sources\editor</Filter>
    </ClInclude>
    <ClInclude Include="sources/editor/EditorHotkeys.h">
      <Filter>sources\editor</Filter>
    </ClInclude>
    <ClInclude Include="sources/editor/assets/AssetRegistry.h">
      <Filter>sources\editor\assets</Filter>
    </ClInclude>
    <ClInclude Include="sources/editor/assets/MaterialFileGen.h">
      <Filter>sources\editor\assets</Filter>
    </ClInclude>
    <ClInclude Include="sources/editor/assets/AssetThumbnailCache.h">
      <Filter>sources\editor\assets</Filter>
    </ClInclude>
    <ClInclude Include="sources/editor/assets/EditorPreviewRenderer.h">
      <Filter>sources\editor\assets</Filter>
    </ClInclude>
    <ClInclude Include="sources/editor/assets/EditorPreviewMode.h">
      <Filter>sources\editor\assets</Filter>
    </ClInclude>
    <ClInclude Include="sources/editor/ui/ContentBrowserPanel.h">
      <Filter>sources\editor\ui</Filter>
    </ClInclude>
    <ClInclude Include="sources/editor/ui/ImportPanel.h">
      <Filter>sources\editor\ui</Filter>
    </ClInclude>
    <ClInclude Include="sources/editor/ui/CommandHistoryPanel.h">
      <Filter>sources\editor\ui</Filter>
    </ClInclude>
    <ClInclude Include="sources/editor/ui/EditorDragDrop.h">
      <Filter>sources\editor\ui</Filter>
    </ClInclude>
    <ClInclude Include="sources/editor/ui/EditorLightDirection.h">
      <Filter>sources\editor\ui</Filter>
    </ClInclude>
    <ClInclude Include="sources/editor/scene/EditorSceneDocument.h">
      <Filter>sources\editor\scene</Filter>
    </ClInclude>
    <ClInclude Include="sources/editor/scene/EnvironmentRuntime.h">
      <Filter>sources\editor\scene</Filter>
    </ClInclude>
    <ClInclude Include="sources/editor/serialization/LevelDocumentSerializer.h">
      <Filter>sources\editor\serialization</Filter>
    </ClInclude>
    <ClInclude Include="sources/editor/commands/EditorCommand.h">
      <Filter>sources\editor\commands</Filter>
    </ClInclude>
    <ClInclude Include="sources/editor/commands/EditorCommandStack.h">
      <Filter>sources\editor\commands</Filter>
    </ClInclude>
    <ClInclude Include="sources/editor/commands/CompositeCommand.h">
      <Filter>sources\editor\commands</Filter>
    </ClInclude>
    <ClInclude Include="sources/editor/commands/EditEnvironmentCommand.h">
      <Filter>sources\editor\commands</Filter>
    </ClInclude>
    <ClInclude Include="sources/editor/commands/CreateDocumentObjectCommand.h">
      <Filter>sources\editor\commands</Filter>
    </ClInclude>
    <ClInclude Include="sources/editor/commands/CreateEnvironmentCommand.h">
      <Filter>sources\editor\commands</Filter>
    </ClInclude>
    <ClInclude Include="sources/editor/commands/SpawnMeshCommand.h">
      <Filter>sources\editor\commands</Filter>
    </ClInclude>
    <ClInclude Include="sources/editor/commands/DeleteObjectCommand.h">
      <Filter>sources\editor\commands</Filter>
    </ClInclude>
    <ClInclude Include="sources/editor/commands/DuplicateObjectCommand.h">
      <Filter>sources\editor\commands</Filter>
    </ClInclude>
    <ClInclude Include="sources/editor/commands/PasteObjectCommand.h">
      <Filter>sources\editor\commands</Filter>
    </ClInclude>
    <ClInclude Include="sources/editor/commands/RenameObjectCommand.h">
      <Filter>sources\editor\commands</Filter>
    </ClInclude>
    <ClInclude Include="sources/editor/commands/TransformObjectCommand.h">
      <Filter>sources\editor\commands</Filter>
    </ClInclude>
    <ClInclude Include="sources/editor/commands/SetEnabledCommand.h">
      <Filter>sources\editor\commands</Filter>
    </ClInclude>
    <ClInclude Include="sources/editor/commands/SetMaterialCommand.h">
      <Filter>sources\editor\commands</Filter>
    </ClInclude>
    <ClInclude Include="sources/editor/commands/SetMaterialSlotCommand.h">
      <Filter>sources\editor\commands</Filter>
    </ClInclude>
    <ClInclude Include="sources/editor/commands/SetParticlePresetCommand.h">
      <Filter>sources\editor\commands</Filter>
    </ClInclude>
    <ClInclude Include="sources/editor/ui/SceneOutlinerPanel.h">
      <Filter>sources\editor\ui</Filter>
    </ClInclude>
    <ClInclude Include="sources/editor/ui/InspectorPanel.h">
      <Filter>sources\editor\ui</Filter>
    </ClInclude>
    <ClInclude Include="sources/editor/ui/ViewportGizmo.h">
      <Filter>sources\editor\ui</Filter>
    </ClInclude>
    <ClInclude Include="sources/app/ui/DeveloperWindow.h">
      <Filter>sources\app\ui</Filter>
    </ClInclude>
    <ClInclude Include="sources/ocean/OceanControlsWindow.h">
      <Filter>sources\ocean</Filter>
    </ClInclude>
    <ClInclude Include="sources/app/App.h">
      <Filter>sources\app</Filter>
    </ClInclude>
    <ClInclude Include="sources/app/diagnostics/SceneStress.h">
      <Filter>sources\app\diagnostics</Filter>
    </ClInclude>
    <ClInclude Include="sources/app/diagnostics/CullBenchmark.h">
      <Filter>sources\app\diagnostics</Filter>
    </ClInclude>
    <ClInclude Include="sources/app/camera/Camera.h">
      <Filter>sources\app\camera</Filter>
    </ClInclude>
    <ClInclude Include="sources/rendering/lighting/DirectionalLight.h">
      <Filter>sources\rendering\lighting</Filter>
    </ClInclude>
    <ClInclude Include="sources/app/levels/JsonLevel.h">
      <Filter>sources\app\levels</Filter>
    </ClInclude>
    <ClInclude Include="sources/app/levels/Level.h">
      <Filter>sources\app\levels</Filter>
    </ClInclude>
    <ClInclude Include="sources/app/levels/LevelManager.h">
      <Filter>sources\app\levels</Filter>
    </ClInclude>
    <ClInclude Include="sources/app/scene/Scene.h">
      <Filter>sources\app\scene</Filter>
    </ClInclude>
    <ClInclude Include="sources/app/scene/SceneObjectFactory.h">
      <Filter>sources\app\scene</Filter>
    </ClInclude>
    <ClInclude Include="sources/app/scene/SceneObjectRegistry.h">
      <Filter>sources\app\scene</Filter>
    </ClInclude>
    <ClInclude Include="sources/app/scene/SceneFrameData.h">
      <Filter>sources\app\scene</Filter>
    </ClInclude>
    <ClInclude Include="sources/app/scene/SceneRenderConfig.h">
      <Filter>sources\app\scene</Filter>
    </ClInclude>
    <ClInclude Include="sources/app/scene/SceneRenderer.h">
      <Filter>sources\app\scene</Filter>
    </ClInclude>
    <ClInclude Include="sources/app/scene/SceneRenderQueue.h">
      <Filter>sources\app\scene</Filter>
    </ClInclude>
    <ClInclude Include="sources/app/scene/SceneResourceBootstrapper.h">
      <Filter>sources\app\scene</Filter>
    </ClInclude>
    <ClInclude Include="sources/app/scene/SceneView.h">
      <Filter>sources\app\scene</Filter>
    </ClInclude>
    <ClInclude Include="sources/app/Systems.h">
      <Filter>sources\app</Filter>
    </ClInclude>
    <ClInclude Include="sources/core/Helpers.h">
      <Filter>sources\core</Filter>
    </ClInclude>
    <ClInclude Include="sources/core/StringMatch.h">
      <Filter>sources\core</Filter>
    </ClInclude>
    <ClInclude Include="sources/core/math/Frustum.h">
      <Filter>sources\core\math</Filter>
    </ClInclude>
    <ClInclude Include="sources/core/profiling/Profiler.h">
      <Filter>sources\core\profiling</Filter>
    </ClInclude>
    <ClInclude Include="sources/core/profiling/ProfilerScopes.h">
      <Filter>sources\core\profiling</Filter>
    </ClInclude>
    <ClInclude Include="sources/core/diagnostics/DiagPaths.h">
      <Filter>sources\core\diagnostics</Filter>
    </ClInclude>
    <ClInclude Include="sources/core/task/TaskSystem.h">
      <Filter>sources\core\task</Filter>
    </ClInclude>
    <ClInclude Include="sources/core/task/diagnostics/TaskSystemStress.h">
      <Filter>sources\core\task\diagnostics</Filter>
    </ClInclude>
    <ClInclude Include="sources/core/task/TaskSystemLockFree.h">
      <Filter>sources\core\task</Filter>
    </ClInclude>
    <ClInclude Include="sources/core/task/TaskSystemEnki.h">
      <Filter>sources\core\task</Filter>
    </ClInclude>
    <ClInclude Include="sources/core/task/TaskSystemTBB.h">
      <Filter>sources\core\task</Filter>
    </ClInclude>
    <ClInclude Include="sources/input/ActionMap.h">
      <Filter>sources\input</Filter>
    </ClInclude>
    <ClInclude Include="sources/input/InputManager.h">
      <Filter>sources\input</Filter>
    </ClInclude>
    <ClInclude Include="sources/materials/Material.h">
      <Filter>sources\materials</Filter>
    </ClInclude>
    <ClInclude Include="sources/materials/MaterialData.h">
      <Filter>sources\materials</Filter>
    </ClInclude>
    <ClInclude Include="sources/materials/MaterialDataManager.h">
      <Filter>sources\materials</Filter>
    </ClInclude>
    <ClInclude Include="sources/materials/TextureDecodeCache.h">
      <Filter>sources\materials</Filter>
    </ClInclude>
    <ClInclude Include="sources/materials/Texture2D.h">
      <Filter>sources\materials</Filter>
    </ClInclude>
    <ClInclude Include="sources/materials/TextureCube.h">
      <Filter>sources\materials</Filter>
    </ClInclude>
    <ClInclude Include="sources/rendering/core/UploadManager.h">
      <Filter>sources\rendering\core</Filter>
    </ClInclude>
    <ClInclude Include="sources/ocean/OceanRenderConfigJson.h">
      <Filter>sources\ocean</Filter>
    </ClInclude>
    <ClInclude Include="sources/ocean/OceanRenderable.h">
      <Filter>sources\ocean</Filter>
    </ClInclude>
    <ClInclude Include="sources/ocean/OceanSimulationConfig.h">
      <Filter>sources\ocean</Filter>
    </ClInclude>
    <ClInclude Include="sources/ocean/OceanSimulation.h">
      <Filter>sources\ocean</Filter>
    </ClInclude>
    <ClInclude Include="sources/ocean/OceanSurfSim.h">
      <Filter>sources\ocean</Filter>
    </ClInclude>
    <ClInclude Include="sources/ocean/OceanWetness.h">
      <Filter>sources\ocean</Filter>
    </ClInclude>
    <ClInclude Include="sources/vfx/ParticleEmitterObject.h">
      <Filter>sources\vfx</Filter>
    </ClInclude>
    <ClInclude Include="sources/vfx/ParticlePresets.h">
      <Filter>sources\vfx</Filter>
    </ClInclude>
    <ClInclude Include="sources/vfx/ParticleTypes.h">
      <Filter>sources\vfx</Filter>
    </ClInclude>
    <ClInclude Include="sources/vfx/WindState.h">
      <Filter>sources\vfx</Filter>
    </ClInclude>
    <ClInclude Include="sources/ocean/OceanSimulationInputs.h">
      <Filter>sources\ocean</Filter>
    </ClInclude>
    <ClInclude Include="sources/ocean/OceanSimulationSettings.h">
      <Filter>sources\ocean</Filter>
    </ClInclude>
    <ClInclude Include="sources/ocean/OceanSpectrum.h">
      <Filter>sources\ocean</Filter>
    </ClInclude>
    <ClInclude Include="sources/rendering/core/ComputeDispatch.h">
      <Filter>sources\rendering\core</Filter>
    </ClInclude>
    <ClInclude Include="sources/rendering/rt/AccelerationStructure.h">
      <Filter>sources\rendering\rt</Filter>
    </ClInclude>
    <ClInclude Include="sources/rendering/rt/BindlessTable.h">
      <Filter>sources\rendering\rt</Filter>
    </ClInclude>
    <ClInclude Include="sources/rendering/rt/ReflectionHistory.h">
      <Filter>sources\rendering\rt</Filter>
    </ClInclude>
    <ClInclude Include="sources/rendering/rt/RtSmoke.h">
      <Filter>sources\rendering\rt</Filter>
    </ClInclude>
    <ClInclude Include="sources/rendering/core/FrameResource.h">
      <Filter>sources\rendering\core</Filter>
    </ClInclude>
    <ClInclude Include="sources/rendering/core/CommandListBindState.h">
      <Filter>sources\rendering\core</Filter>
    </ClInclude>
    <ClInclude Include="sources/rendering/core/RenderContext.h">
      <Filter>sources\rendering\core</Filter>
    </ClInclude>
    <ClInclude Include="sources/rendering/core/RenderContextPool.h">
      <Filter>sources\rendering\core</Filter>
    </ClInclude>
    <ClInclude Include="sources/rendering/core/DlssHandler.h">
      <Filter>sources\rendering\core</Filter>
    </ClInclude>
    <ClInclude Include="sources/rendering/core/RenderGraph.h">
      <Filter>sources\rendering\core</Filter>
    </ClInclude>
    <ClInclude Include="sources/rendering/core/RenderPass.h">
      <Filter>sources\rendering\core</Filter>
    </ClInclude>
    <ClInclude Include="sources/rendering/core/UploadBatch.h">
      <Filter>sources\rendering\core</Filter>
    </ClInclude>
    <ClInclude Include="sources/rendering/core/RenderConstants.h">
      <Filter>sources\rendering\core</Filter>
    </ClInclude>
    <ClInclude Include="sources/rendering/core/RenderStats.h">
      <Filter>sources\rendering\core</Filter>
    </ClInclude>
    <ClInclude Include="sources/rendering/core/FrameScheduler.h">
      <Filter>sources\rendering\core</Filter>
    </ClInclude>
    <ClInclude Include="sources/rendering/core/GraphicsDevice.h">
      <Filter>sources\rendering\core</Filter>
    </ClInclude>
    <ClInclude Include="sources/rendering/core/SwapchainManager.h">
      <Filter>sources\rendering\core</Filter>
    </ClInclude>
    <ClInclude Include="sources/rendering/core/ResourceDeclarations.h">
      <Filter>sources\rendering\core</Filter>
    </ClInclude>
    <ClInclude Include="sources/rendering/core/RenderTargetManager.h">
      <Filter>sources\rendering\core</Filter>
    </ClInclude>
    <ClInclude Include="sources/rendering/core/BarrierTranslation.h">
      <Filter>sources\rendering\core</Filter>
    </ClInclude>
    <ClInclude Include="sources/rendering/core/TextureCreate.h">
      <Filter>sources\rendering\core</Filter>
    </ClInclude>
    <ClInclude Include="sources/rendering/core/Renderer.h">
      <Filter>sources\rendering\core</Filter>
    </ClInclude>
    <ClInclude Include="sources/rendering/core/RendererInvariantFailure.h">
      <Filter>sources\rendering\core</Filter>
    </ClInclude>
    <ClInclude Include="sources/rendering/diagnostics/RendererSubmissionStress.h">
      <Filter>sources\rendering\diagnostics</Filter>
    </ClInclude>
    <ClInclude Include="sources/rendering/core/SubmitTimeline.h">
      <Filter>sources\rendering\core</Filter>
    </ClInclude>
    <ClInclude Include="sources/rendering/debug/DebugGrid.h">
      <Filter>sources\rendering\debug</Filter>
    </ClInclude>
    <ClInclude Include="sources/rendering/debug/DebugDraw.h">
      <Filter>sources\rendering\debug</Filter>
    </ClInclude>
    <ClInclude Include="sources/rendering/debug/TextureDebugViewer.h">
      <Filter>sources\rendering\debug</Filter>
    </ClInclude>
    <ClInclude Include="sources/rendering/descriptors/DescriptorAllocator.h">
      <Filter>sources\rendering\descriptors</Filter>
    </ClInclude>
    <ClInclude Include="sources/rendering/descriptors/DescriptorHeapGPU.h">
      <Filter>sources\rendering\descriptors</Filter>
    </ClInclude>
    <ClInclude Include="sources/rendering/descriptors/InputLayoutManager.h">
      <Filter>sources\rendering\descriptors</Filter>
    </ClInclude>
    <ClInclude Include="sources/rendering/descriptors/SamplerManager.h">
      <Filter>sources\rendering\descriptors</Filter>
    </ClInclude>
    <ClInclude Include="sources/rendering/lighting/LightManager.h">
      <Filter>sources\rendering\lighting</Filter>
    </ClInclude>
    <ClInclude Include="sources/rendering/lighting/SpotLight.h">
      <Filter>sources\rendering\lighting</Filter>
    </ClInclude>
    <ClInclude Include="sources/rendering/lighting/PointLight.h">
      <Filter>sources\rendering\lighting</Filter>
    </ClInclude>
    <ClInclude Include="sources/rendering/lighting/Skybox.h">
      <Filter>sources\rendering\lighting</Filter>
    </ClInclude>
    <ClInclude Include="sources/rendering/meshes/GpuInstancedModels.h">
      <Filter>sources\rendering\meshes</Filter>
    </ClInclude>
    <ClInclude Include="sources/rendering/meshes/InstanceBuffer.h">
      <Filter>sources\rendering\meshes</Filter>
    </ClInclude>
    <ClInclude Include="sources/rendering/meshes/LodSelect.h">
      <Filter>sources\rendering\meshes</Filter>
    </ClInclude>
    <ClInclude Include="sources/rendering/meshes/Mesh.h">
      <Filter>sources\rendering\meshes</Filter>
    </ClInclude>
    <ClInclude Include="sources/rendering/meshes/MeshManager.h">
      <Filter>sources\rendering\meshes</Filter>
    </ClInclude>
    <ClInclude Include="sources/rendering/meshes/StaticMesh.h">
      <Filter>sources\rendering\meshes</Filter>
    </ClInclude>
    <ClInclude Include="sources/rendering/renderables/GBufferRenderable.h">
      <Filter>sources\rendering\renderables</Filter>
    </ClInclude>
    <ClInclude Include="sources/rendering/renderables/IInstanceable.h">
      <Filter>sources\rendering\renderables</Filter>
    </ClInclude>
    <ClInclude Include="sources/rendering/renderables/InstancedDrawBatch.h">
      <Filter>sources\rendering\renderables</Filter>
    </ClInclude>
    <ClInclude Include="sources/rendering/shadows/ShadowGpuData.h">
      <Filter>sources\rendering\shadows</Filter>
    </ClInclude>
    <ClInclude Include="sources/rendering/shadows/VirtualShadowMap.h">
      <Filter>sources\rendering\shadows</Filter>
    </ClInclude>
    <ClInclude Include="sources/rendering/renderables/InstanceTypes.h">
      <Filter>sources\rendering\renderables</Filter>
    </ClInclude>
    <ClInclude Include="sources/rendering/renderables/TransparentStaticMesh.h">
      <Filter>sources\rendering\renderables</Filter>
    </ClInclude>
    <ClInclude Include="sources/rendering/renderables/RenderableObject.h">
      <Filter>sources\rendering\renderables</Filter>
    </ClInclude>
    <ClInclude Include="sources/rendering/renderables/RenderableObjectBase.h">
      <Filter>sources\rendering\renderables</Filter>
    </ClInclude>
    <ClInclude Include="sources/rendering/RenderLayers.h">
      <Filter>sources\rendering</Filter>
    </ClInclude>
    <ClInclude Include="sources/text/FontAtlas.h">
      <Filter>sources\text</Filter>
    </ClInclude>
    <ClInclude Include="sources/text/FontGenerator.h">
      <Filter>sources\text</Filter>
    </ClInclude>
    <ClInclude Include="sources/text/FontManager.h">
      <Filter>sources\text</Filter>
    </ClInclude>
    <ClInclude Include="sources/text/TextManager.h">
      <Filter>sources\text</Filter>
    </ClInclude>
    <ClInclude Include="sources/ui/ImGuiLayer.h">
      <Filter>sources\ui</Filter>
    </ClInclude>
    <ClInclude Include="sources/ui/ImGuiWindowUtils.h">
      <Filter>sources\ui</Filter>
    </ClInclude>
    <ClInclude Include="sources/core/math/Math.h">
      <Filter>sources\core\math</Filter>
    </ClInclude>
    <ClInclude Include="sources/core/math/AABB.h">
      <Filter>sources\core\math</Filter>
    </ClInclude>
    <ClInclude Include="sources/core/math/OBB.h">
      <Filter>sources\core\math</Filter>
    </ClInclude>
    <ClInclude Include="sources\core\containers\inl_vector.h">
      <Filter>sources\core\containers</Filter>
    </ClInclude>
    <ClInclude Include="sources/assets/AssetImporter.h">
      <Filter>sources\assets</Filter>
    </ClInclude>
    <ClInclude Include="sources/editor/commands/SetMeshAssetCommand.h">
      <Filter>sources\editor\commands</Filter>
    </ClInclude>
    <ClInclude Include="sources/editor/ui/MaterialEditorPanel.h">
      <Filter>sources\editor\ui</Filter>
    </ClInclude>
    <ClInclude Include="sources/editor/ui/MeshEditorPanel.h">
      <Filter>sources\editor\ui</Filter>
    </ClInclude>
    <ClInclude Include="sources/editor/ui/MeshEditorPreviewScene.h">
      <Filter>sources\editor\ui</Filter>
    </ClInclude>
    <ClInclude Include="sources/rendering/core/ExposureMetering.h">
      <Filter>sources\rendering\core</Filter>
    </ClInclude>
    <ClInclude Include="sources/rendering/core/PhotographicSettings.h">
      <Filter>sources\rendering\core</Filter>
    </ClInclude>
    <ClInclude Include="sources/rendering/core/PhotographicSettingsJson.h">
      <Filter>sources\rendering\core</Filter>
    </ClInclude>
    <ClInclude Include="sources/rendering/core/Screenshot.h">
      <Filter>sources\rendering\core</Filter>
    </ClInclude>
  </ItemGroup>
  <ItemGroup>
    <None Include="shaders\axes.hlsl">
      <Filter>shaders</Filter>
    </None>
    <None Include="shaders\editor_preview.hlsl">
      <Filter>shaders</Filter>
    </None>
    <None Include="shaders\reflection_blur_cs.hlsl">
      <Filter>shaders</Filter>
    </None>
    <None Include="shaders\selection_outline_cs.hlsl">
      <Filter>shaders</Filter>
    </None>
    <None Include="shaders\selection_stencil.hlsl">
      <Filter>shaders</Filter>
    </None>
    <None Include="shaders\compose_cs.hlsl">
      <Filter>shaders</Filter>
    </None>
    <None Include="shaders\debug_texture.hlsl">
      <Filter>shaders</Filter>
    </None>
    <None Include="shaders\debug_draw.hlsl">
      <Filter>shaders</Filter>
    </None>
    <None Include="shaders\font_pixelperfect.hlsl">
      <Filter>shaders</Filter>
    </None>
    <None Include="shaders\font_sdf.hlsl">
      <Filter>shaders</Filter>
    </None>
    <None Include="shaders\gbuffer.hlsl">
      <Filter>shaders</Filter>
    </None>
    <None Include="shaders\gbuffer_common.hlsli">
      <Filter>shaders</Filter>
    </None>
    <None Include="shaders\wind.hlsli">
      <Filter>shaders</Filter>
    </None>
    <None Include="shaders\gbuffer_csm.hlsl">
      <Filter>shaders</Filter>
    </None>
    <None Include="shaders\gbuffer_inst.hlsl">
      <Filter>shaders</Filter>
    </None>
    <None Include="shaders\gbuffer_inst_csm.hlsl">
      <Filter>shaders</Filter>
    </None>
    <None Include="shaders\glass.hlsl">
      <Filter>shaders</Filter>
    </None>
    <None Include="shaders\glass_csm.hlsl">
      <Filter>shaders</Filter>
    </None>
    <None Include="shaders\instance_anim.hlsl">
      <Filter>shaders</Filter>
    </None>
    <None Include="shaders\lighting_cs.hlsl">
      <Filter>shaders</Filter>
    </None>
    <None Include="shaders\lines.hlsl">
      <Filter>shaders</Filter>
    </None>
    <None Include="shaders\ocean_fft.hlsl">
      <Filter>shaders</Filter>
    </None>
    <None Include="shaders\ocean_generate_mips.hlsl">
      <Filter>shaders</Filter>
    </None>
    <None Include="shaders\ocean_shore_sdf.hlsl">
      <Filter>shaders</Filter>
    </None>
    <None Include="shaders\ocean_surf_sim_cs.hlsl">
      <Filter>shaders</Filter>
    </None>
    <None Include="shaders\ocean_foam_simulation.hlsl">
      <Filter>shaders</Filter>
    </None>
    <None Include="shaders\ocean_reflection_cs.hlsl">
      <Filter>shaders</Filter>
    </None>
    <None Include="shaders\ocean_surface.hlsl">
      <Filter>shaders</Filter>
    </None>
    <None Include="shaders\ocean_surface_legacy.hlsli">
      <Filter>shaders</Filter>
    </None>
    <None Include="shaders\ocean_wetness_update_cs.hlsl">
      <Filter>shaders</Filter>
    </None>
    <None Include="shaders\ocean_shore_foam_dissipation.hlsli">
      <Filter>shaders</Filter>
    </None>
    <None Include="shaders\ocean_time_spectrum.hlsl">
      <Filter>shaders</Filter>
    </None>
    <None Include="shaders\pointlight_color_fs.hlsl">
      <Filter>shaders</Filter>
    </None>
    <None Include="shaders\pointlight_cs.hlsl">
      <Filter>shaders</Filter>
    </None>
    <None Include="shaders\pointlight_zfail.hlsl">
      <Filter>shaders</Filter>
    </None>
    <None Include="shaders\shader.hlsl">
      <Filter>shaders</Filter>
    </None>
    <None Include="shaders\shader_comp.hlsl">
      <Filter>shaders</Filter>
    </None>
    <None Include="shaders\shader_PNTUV.hlsl">
      <Filter>shaders</Filter>
    </None>
    <None Include="shaders\skybox.hlsl">
      <Filter>shaders</Filter>
    </None>
    <None Include="shaders\ssr_cs.hlsl">
      <Filter>shaders</Filter>
    </None>
    <None Include="shaders\ssr_trace_logmarch.hlsli">
      <Filter>shaders</Filter>
    </None>
    <None Include="shaders\spotlight_cs.hlsl">
      <Filter>shaders</Filter>
    </None>
    <None Include="shaders\tonemap_cs.hlsl">
      <Filter>shaders</Filter>
    </None>
    <None Include="shaders\agx.hlsli">
      <Filter>shaders</Filter>
    </None>
    <None Include="shaders\color_grade.hlsli">
      <Filter>shaders</Filter>
    </None>
    <None Include="shaders\film_curve.hlsli">
      <Filter>shaders</Filter>
    </None>
    <None Include="shaders\local_exposure.hlsli">
      <Filter>shaders</Filter>
    </None>
    <None Include="shaders\exposure_histogram_cs.hlsl">
      <Filter>shaders</Filter>
    </None>
    <None Include="shaders\exposure_solve_cs.hlsl">
      <Filter>shaders</Filter>
    </None>
    <None Include="shaders\exposure_baselum_cs.hlsl">
      <Filter>shaders</Filter>
    </None>
    <None Include="shaders\fxaa_cs.hlsl">
      <Filter>shaders</Filter>
    </None>
    <None Include="shaders\ui_rect.hlsl">
      <Filter>shaders</Filter>
    </None>
    <None Include="shaders\utils.hlsli">
      <Filter>shaders</Filter>
    </None>
    <None Include="shaders\caustics.hlsli">
      <Filter>shaders</Filter>
    </None>
    <None Include="shaders\terrain_tiling.hlsli">
      <Filter>shaders</Filter>
    </None>
    <None Include="shaders\rt_geometry.hlsli">
      <Filter>shaders</Filter>
    </None>
    <None Include="shaders\rt_lights.hlsli">
      <Filter>shaders</Filter>
    </None>
    <None Include="shaders\gbuffer_instcb.hlsl">
      <Filter>shaders</Filter>
    </None>
    <None Include="shaders\gbuffer_instcb_csm.hlsl">
      <Filter>shaders</Filter>
    </None>
    <None Include="shaders\glass_refl_prepass.hlsl">
      <Filter>shaders</Filter>
    </None>
    <None Include="shaders\rt_compile_probe.hlsl">
      <Filter>shaders</Filter>
    </None>
    <None Include="shaders\rt_debug_cs.hlsl">
      <Filter>shaders</Filter>
    </None>
    <None Include="shaders\rt_reflection_denoise_cs.hlsl">
      <Filter>shaders</Filter>
    </None>
    <None Include="shaders\rt_reflections_cs.hlsl">
      <Filter>shaders</Filter>
    </None>
    <None Include="shaders\shadow_cull_clear_cs.hlsl">
      <Filter>shaders</Filter>
    </None>
    <None Include="shaders\shadow_cull_cs.hlsl">
      <Filter>shaders</Filter>
    </None>
    <None Include="shaders\shadow_gi_scatter_cs.hlsl">
      <Filter>shaders</Filter>
    </None>
    <None Include="shaders\shadow_indirect_csm.hlsl">
      <Filter>shaders</Filter>
    </None>
    <None Include="shaders\vsm_addressing.hlsli">
      <Filter>shaders</Filter>
    </None>
    <None Include="shaders\vsm_page_alloc_common.hlsli">
      <Filter>shaders</Filter>
    </None>
    <None Include="shaders\vsm_page_alloc_freelist_cs.hlsl">
      <Filter>shaders</Filter>
    </None>
    <None Include="shaders\vsm_page_alloc_init_cs.hlsl">
      <Filter>shaders</Filter>
    </None>
    <None Include="shaders\vsm_page_alloc_map_cs.hlsl">
      <Filter>shaders</Filter>
    </None>
    <None Include="shaders\vsm_page_alloc_touch_cs.hlsl">
      <Filter>shaders</Filter>
    </None>
    <None Include="shaders\vsm_page_clear.hlsl">
      <Filter>shaders</Filter>
    </None>
    <None Include="shaders\vsm_page_request_clear_cs.hlsl">
      <Filter>shaders</Filter>
    </None>
    <None Include="shaders\vsm_page_request_cs.hlsl">
      <Filter>shaders</Filter>
    </None>
    <None Include="shaders\vsm_page_scatter_clear_cs.hlsl">
      <Filter>shaders</Filter>
    </None>
    <None Include="shaders\vsm_page_scatter_cs.hlsl">
      <Filter>shaders</Filter>
    </None>
    <None Include="shaders\vsm_page_setup_cs.hlsl">
      <Filter>shaders</Filter>
    </None>
    <None Include="shaders\vsm_sample.hlsli">
      <Filter>shaders</Filter>
    </None>
    <None Include="textures\ocean\ContactFoam.png">
      <Filter>textures\ocean</Filter>
    </None>
    <None Include="textures\ocean\FoamAlbedo.png">
      <Filter>textures\ocean</Filter>
    </None>
    <None Include="textures\ocean\FoamTrail.png">
      <Filter>textures\ocean</Filter>
    </None>
    <None Include="textures\ocean\UnderwaterFoam.png">
      <Filter>textures\ocean</Filter>
    </None>
    <None Include="textures\ocean\wind_gusts.png">
      <Filter>textures\ocean</Filter>
    </None>
    <None Include="textures\editor\content_browser_icons.png">
      <Filter>textures\editor</Filter>
    </None>
    <None Include="art\editor\content_browser_icons\folder.svg">
      <Filter>art\editor\content_browser_icons</Filter>
    </None>
    <None Include="art\editor\content_browser_icons\level.svg">
      <Filter>art\editor\content_browser_icons</Filter>
    </None>
    <None Include="art\editor\content_browser_icons\shader.svg">
      <Filter>art\editor\content_browser_icons</Filter>
    </None>
    <None Include="art\editor\content_browser_icons\unknown.svg">
      <Filter>art\editor\content_browser_icons</Filter>
    </None>
    <None Include="art\editor\content_browser_icons\preview_failed.svg">
      <Filter>art\editor\content_browser_icons</Filter>
    </None>
    <None Include="art\editor\content_browser_icons\README.md">
      <Filter>art\editor\content_browser_icons</Filter>
    </None>
    <None Include="tools\build_content_browser_icons.py">
      <Filter>tools</Filter>
    </None>
    <None Include="input\bindings.json">
      <Filter>input</Filter>
    </None>
    <None Include="data\ocean\default.json">
      <Filter>data\ocean</Filter>
    </None>
    <None Include="third_party\imgui\LICENSE.txt">
      <Filter>third_party\imgui</Filter>
    </None>
    <None Include="shaders\particle_common.hlsli">
      <Filter>shaders</Filter>
    </None>
    <None Include="shaders\particle_sort_cs.hlsl">
      <Filter>shaders</Filter>
    </None>
    <None Include="shaders\particle_spawn_cs.hlsl">
      <Filter>shaders</Filter>
    </None>
    <None Include="shaders\particle_update_cs.hlsl">
      <Filter>shaders</Filter>
    </None>
    <None Include="shaders\particles.hlsl">
      <Filter>shaders</Filter>
    </None>
  </ItemGroup>
  <ItemGroup>
    <Natvis Include="third_party\robin_hood.natvis">
      <Filter>third_party</Filter>
    </Natvis>
  </ItemGroup>
</Project>
